
Microsoft Visual Studio Solution File, Format Version 12.00
# Visual Studio Version 17
VisualStudioVersion = 17.9.34701.34
MinimumVisualStudioVersion = 10.0.40219.1
Project("{9A19103F-16F7-4668-BE54-9A1E7A4F7556}") = "NModcom", "NModcom.Core\NModcom.csproj", "{AD3575D7-C754-47F9-9F53-3D59CB0F7C59}"
EndProject
Project("{9A19103F-16F7-4668-BE54-9A1E7A4F7556}") = "NModcom.Examples", "NModcom.Examples\NModcom.Examples.csproj", "{E8091A93-B152-4029-9D09-F0EDBA6C6EC8}"
EndProject
Project("{9A19103F-16F7-4668-BE54-9A1E7A4F7556}") = "NModcom.Tests", "NModcom.Tests\NModcom.Tests.csproj", "{097B1663-D505-49CB-B5F8-1BB6C64041DA}"
EndProject
Project("{9A19103F-16F7-4668-BE54-9A1E7A4F7556}") = "NModcom.Util", "NModcom.Util\NModcom.Util.csproj", "{B62FC5FA-B1C1-4AC3-AB81-4B4B088A7770}"
EndProject
Project("{9A19103F-16F7-4668-BE54-9A1E7A4F7556}") = "SimObj.Documentation.App", "SimObj.Documentation.App\SimObj.Documentation.App.csproj", "{D3E33FA7-583D-49DA-BC80-01FE1FCFAEE1}"
EndProject
Project("{FAE04EC0-301F-11D3-BF4B-00C04F79EFBC}") = "NModcom.ExampleApp", "NModcom.ExampleApp\NModcom.ExampleApp.csproj", "{FCB98613-0E7F-4034-96C7-C1F400595B46}"
EndProject
Global
	GlobalSection(SolutionConfigurationPlatforms) = preSolution
		Debug|Any CPU = Debug|Any CPU
		Release|Any CPU = Release|Any CPU
	EndGlobalSection
	GlobalSection(ProjectConfigurationPlatforms) = postSolution
		{AD3575D7-C754-47F9-9F53-3D59CB0F7C59}.Debug|Any CPU.ActiveCfg = Debug|Any CPU
		{AD3575D7-C754-47F9-9F53-3D59CB0F7C59}.Debug|Any CPU.Build.0 = Debug|Any CPU
		{AD3575D7-C754-47F9-9F53-3D59CB0F7C59}.Release|Any CPU.ActiveCfg = Release|Any CPU
		{AD3575D7-C754-47F9-9F53-3D59CB0F7C59}.Release|Any CPU.Build.0 = Release|Any CPU
		{E8091A93-B152-4029-9D09-F0EDBA6C6EC8}.Debug|Any CPU.ActiveCfg = Debug|Any CPU
		{E8091A93-B152-4029-9D09-F0EDBA6C6EC8}.Debug|Any CPU.Build.0 = Debug|Any CPU
		{E8091A93-B152-4029-9D09-F0EDBA6C6EC8}.Release|Any CPU.ActiveCfg = Release|Any CPU
		{E8091A93-B152-4029-9D09-F0EDBA6C6EC8}.Release|Any CPU.Build.0 = Release|Any CPU
		{097B1663-D505-49CB-B5F8-1BB6C64041DA}.Debug|Any CPU.ActiveCfg = Debug|Any CPU
		{097B1663-D505-49CB-B5F8-1BB6C64041DA}.Debug|Any CPU.Build.0 = Debug|Any CPU
		{097B1663-D505-49CB-B5F8-1BB6C64041DA}.Release|Any CPU.ActiveCfg = Release|Any CPU
		{097B1663-D505-49CB-B5F8-1BB6C64041DA}.Release|Any CPU.Build.0 = Release|Any CPU
		{B62FC5FA-B1C1-4AC3-AB81-4B4B088A7770}.Debug|Any CPU.ActiveCfg = Debug|Any CPU
		{B62FC5FA-B1C1-4AC3-AB81-4B4B088A7770}.Debug|Any CPU.Build.0 = Debug|Any CPU
		{B62FC5FA-B1C1-4AC3-AB81-4B4B088A7770}.Release|Any CPU.ActiveCfg = Release|Any CPU
		{B62FC5FA-B1C1-4AC3-AB81-4B4B088A7770}.Release|Any CPU.Build.0 = Release|Any CPU
		{D3E33FA7-583D-49DA-BC80-01FE1FCFAEE1}.Debug|Any CPU.ActiveCfg = Debug|Any CPU
		{D3E33FA7-583D-49DA-BC80-01FE1FCFAEE1}.Debug|Any CPU.Build.0 = Debug|Any CPU
		{D3E33FA7-583D-49DA-BC80-01FE1FCFAEE1}.Release|Any CPU.ActiveCfg = Release|Any CPU
		{D3E33FA7-583D-49DA-BC80-01FE1FCFAEE1}.Release|Any CPU.Build.0 = Release|Any CPU
		{FCB98613-0E7F-4034-96C7-C1F400595B46}.Debug|Any CPU.ActiveCfg = Debug|Any CPU
		{FCB98613-0E7F-4034-96C7-C1F400595B46}.Debug|Any CPU.Build.0 = Debug|Any CPU
		{FCB98613-0E7F-4034-96C7-C1F400595B46}.Release|Any CPU.ActiveCfg = Release|Any CPU
		{FCB98613-0E7F-4034-96C7-C1F400595B46}.Release|Any CPU.Build.0 = Release|Any CPU
	EndGlobalSection
	GlobalSection(SolutionProperties) = preSolution
		HideSolutionNode = FALSE
	EndGlobalSection
	GlobalSection(ExtensibilityGlobals) = postSolution
		SolutionGuid = {DB4213C4-350D-4C87-B5D6-09FE4D0CB34A}
	EndGlobalSection
EndGlobal
